
Microsoft Visual Studio Solution File, Format Version 12.00
# Visual Studio Version 17
VisualStudioVersion = 17.14.36127.28 d17.14
MinimumVisualStudioVersion = 10.0.40219.1
Project("{8BC9CEB8-8B4A-11D0-8D11-00A0C91BC942}") = "ControllerNode", "ControllerNode\ControllerNode.vcxproj", "{CD0F87F7-D9CA-4A95-91CF-84F6850CD6B3}"
EndProject
Project("{8BC9CEB8-8B4A-11D0-8D11-00A0C91BC942}") = "DiskNode", "DiskNode\DiskNode.vcxproj", "{9B914B17-4496-4EB5-B4FF-2DEF686B760F}"
EndProject
Project("{FAE04EC0-301F-11D3-BF4B-00C04F79EFBC}") = "UserInterface", "UserInterface\UserInterface.csproj", "{0721FF46-E52E-499D-A415-5035F2D0A049}"
EndProject
Global
	GlobalSection(SolutionConfigurationPlatforms) = preSolution
		Debug|Any CPU = Debug|Any CPU
		Debug|x64 = Debug|x64
		Debug|x86 = Debug|x86
		Release|Any CPU = Release|Any CPU
		Release|x64 = Release|x64
		Release|x86 = Release|x86
	EndGlobalSection
	GlobalSection(ProjectConfigurationPlatforms) = postSolution
		{CD0F87F7-D9CA-4A95-91CF-84F6850CD6B3}.Debug|Any CPU.ActiveCfg = Debug|x64
		{CD0F87F7-D9CA-4A95-91CF-84F6850CD6B3}.Debug|Any CPU.Build.0 = Debug|x64
		{CD0F87F7-D9CA-4A95-91CF-84F6850CD6B3}.Debug|x64.ActiveCfg = Debug|x64
		{CD0F87F7-D9CA-4A95-91CF-84F6850CD6B3}.Debug|x64.Build.0 = Debug|x64
		{CD0F87F7-D9CA-4A95-91CF-84F6850CD6B3}.Debug|x86.ActiveCfg = Debug|Win32
		{CD0F87F7-D9CA-4A95-91CF-84F6850CD6B3}.Debug|x86.Build.0 = Debug|Win32
		{CD0F87F7-D9CA-4A95-91CF-84F6850CD6B3}.Release|Any CPU.ActiveCfg = Release|x64
		{CD0F87F7-D9CA-4A95-91CF-84F6850CD6B3}.Release|Any CPU.Build.0 = Release|x64
		{CD0F87F7-D9CA-4A95-91CF-84F6850CD6B3}.Release|x64.ActiveCfg = Release|x64
		{CD0F87F7-D9CA-4A95-91CF-84F6850CD6B3}.Release|x64.Build.0 = Release|x64
		{CD0F87F7-D9CA-4A95-91CF-84F6850CD6B3}.Release|x86.ActiveCfg = Release|Win32
		{CD0F87F7-D9CA-4A95-91CF-84F6850CD6B3}.Release|x86.Build.0 = Release|Win32
		{9B914B17-4496-4EB5-B4FF-2DEF686B760F}.Debug|Any CPU.ActiveCfg = Debug|x64
		{9B914B17-4496-4EB5-B4FF-2DEF686B760F}.Debug|Any CPU.Build.0 = Debug|x64
		{9B914B17-4496-4EB5-B4FF-2DEF686B760F}.Debug|x64.ActiveCfg = Debug|x64
		{9B914B17-4496-4EB5-B4FF-2DEF686B760F}.Debug|x64.Build.0 = Debug|x64
		{9B914B17-4496-4EB5-B4FF-2DEF686B760F}.Debug|x86.ActiveCfg = Debug|Win32
		{9B914B17-4496-4EB5-B4FF-2DEF686B760F}.Debug|x86.Build.0 = Debug|Win32
		{9B914B17-4496-4EB5-B4FF-2DEF686B760F}.Release|Any CPU.ActiveCfg = Release|x64
		{9B914B17-4496-4EB5-B4FF-2DEF686B760F}.Release|Any CPU.Build.0 = Release|x64
		{9B914B17-4496-4EB5-B4FF-2DEF686B760F}.Release|x64.ActiveCfg = Release|x64
		{9B914B17-4496-4EB5-B4FF-2DEF686B760F}.Release|x64.Build.0 = Release|x64
		{9B914B17-4496-4EB5-B4FF-2DEF686B760F}.Release|x86.ActiveCfg = Release|Win32
		{9B914B17-4496-4EB5-B4FF-2DEF686B760F}.Release|x86.Build.0 = Release|Win32
		{0721FF46-E52E-499D-A415-5035F2D0A049}.Debug|Any CPU.ActiveCfg = Debug|Any CPU
		{0721FF46-E52E-499D-A415-5035F2D0A049}.Debug|Any CPU.Build.0 = Debug|Any CPU
		{0721FF46-E52E-499D-A415-5035F2D0A049}.Debug|x64.ActiveCfg = Debug|Any CPU
		{0721FF46-E52E-499D-A415-5035F2D0A049}.Debug|x64.Build.0 = Debug|Any CPU
		{0721FF46-E52E-499D-A415-5035F2D0A049}.Debug|x86.ActiveCfg = Debug|Any CPU
		{0721FF46-E52E-499D-A415-5035F2D0A049}.Debug|x86.Build.0 = Debug|Any CPU
		{0721FF46-E52E-499D-A415-5035F2D0A049}.Release|Any CPU.ActiveCfg = Release|Any CPU
		{0721FF46-E52E-499D-A415-5035F2D0A049}.Release|Any CPU.Build.0 = Release|Any CPU
		{0721FF46-E52E-499D-A415-5035F2D0A049}.Release|x64.ActiveCfg = Release|Any CPU
		{0721FF46-E52E-499D-A415-5035F2D0A049}.Release|x64.Build.0 = Release|Any CPU
		{0721FF46-E52E-499D-A415-5035F2D0A049}.Release|x86.ActiveCfg = Release|Any CPU
		{0721FF46-E52E-499D-A415-5035F2D0A049}.Release|x86.Build.0 = Release|Any CPU
	EndGlobalSection
	GlobalSection(SolutionProperties) = preSolution
		HideSolutionNode = FALSE
	EndGlobalSection
	GlobalSection(ExtensibilityGlobals) = postSolution
		SolutionGuid = {BC53BB7F-90D7-4ACF-BD14-D2AC77402651}
	EndGlobalSection
EndGlobal
